
Microsoft Visual Studio Solution File, Format Version 12.00
# Visual Studio Version 16
VisualStudioVersion = 16.0.30503.244
MinimumVisualStudioVersion = 10.0.40219.1
Project("{FAE04EC0-301F-11D3-BF4B-00C04F79EFBC}") = "RC6Coder", "RC6Coder\RC6Coder.csproj", "{34EEFA94-131D-4EBA-BC5E-5A041A53133C}"
EndProject
Global
	GlobalSection(SolutionConfigurationPlatforms) = preSolution
		Debug|Any CPU = Debug|Any CPU
		Release|Any CPU = Release|Any CPU
	EndGlobalSection
	GlobalSection(ProjectConfigurationPlatforms) = postSolution
		{34EEFA94-131D-4EBA-BC5E-5A041A53133C}.Debug|Any CPU.ActiveCfg = Debug|Any CPU
		{34EEFA94-131D-4EBA-BC5E-5A041A53133C}.Debug|Any CPU.Build.0 = Debug|Any CPU
		{34EEFA94-131D-4EBA-BC5E-5A041A53133C}.Release|Any CPU.ActiveCfg = Release|Any CPU
		{34EEFA94-131D-4EBA-BC5E-5A041A53133C}.Release|Any CPU.Build.0 = Release|Any CPU
	EndGlobalSection
	GlobalSection(SolutionProperties) = preSolution
		HideSolutionNode = FALSE
	EndGlobalSection
	GlobalSection(ExtensibilityGlobals) = postSolution
		SolutionGuid = {931EB298-0DA1-4FA5-826D-37D79B90AD56}
	EndGlobalSection
EndGlobal
